
Microsoft Visual Studio Solution File, Format Version 12.00
# Visual Studio Version 17
VisualStudioVersion = 17.1.31911.260
MinimumVisualStudioVersion = 10.0.40219.1
Project("{9A19103F-16F7-4668-BE54-9A1E7A4F7556}") = "BlazorSnow", "BlazorSnow.csproj", "{9CEB2DB3-F0F3-4FA7-8800-F930D059D965}"
EndProject
Global
	GlobalSection(SolutionConfigurationPlatforms) = preSolution
		Debug|Any CPU = Debug|Any CPU
		Release|Any CPU = Release|Any CPU
	EndGlobalSection
	GlobalSection(ProjectConfigurationPlatforms) = postSolution
		{9CEB2DB3-F0F3-4FA7-8800-F930D059D965}.Debug|Any CPU.ActiveCfg = Debug|Any CPU
		{9CEB2DB3-F0F3-4FA7-8800-F930D059D965}.Debug|Any CPU.Build.0 = Debug|Any CPU
		{9CEB2DB3-F0F3-4FA7-8800-F930D059D965}.Release|Any CPU.ActiveCfg = Release|Any CPU
		{9CEB2DB3-F0F3-4FA7-8800-F930D059D965}.Release|Any CPU.Build.0 = Release|Any CPU
	EndGlobalSection
	GlobalSection(SolutionProperties) = preSolution
		HideSolutionNode = FALSE
	EndGlobalSection
	GlobalSection(ExtensibilityGlobals) = postSolution
		SolutionGuid = {22956B81-767C-4142-B2CB-A97F4DDE023A}
	EndGlobalSection
EndGlobal
